
Microsoft Visual Studio Solution File, Format Version 12.00
# Visual Studio 15
VisualStudioVersion = 15.0.26430.15
MinimumVisualStudioVersion = 10.0.40219.1
Project("{2150E333-8FDC-42A3-9474-1A3956D46DE8}") = "src", "src", "{7C0FC260-36DE-40D6-8FA3-29616D02C572}"
EndProject
Project("{2150E333-8FDC-42A3-9474-1A3956D46DE8}") = "tests", "tests", "{2AF75A46-368D-4394-BE52-736D6F4CC797}"
EndProject
Project("{FAE04EC0-301F-11D3-BF4B-00C04F79EFBC}") = "StreamExtensions", "src\StreamExtensions\StreamExtensions.csproj", "{8BB120D9-9C3B-4EA1-AC4D-9D4E6F1EEFC3}"
EndProject
Project("{FAE04EC0-301F-11D3-BF4B-00C04F79EFBC}") = "StreamExtensions.Tests", "tests\StreamExtensions.Tests\StreamExtensions.Tests.csproj", "{586F1A88-2817-4FC7-BFE2-AC7D4A3DBDC6}"
EndProject
Global
	GlobalSection(SolutionConfigurationPlatforms) = preSolution
		Debug|Any CPU = Debug|Any CPU
		Release|Any CPU = Release|Any CPU
	EndGlobalSection
	GlobalSection(ProjectConfigurationPlatforms) = postSolution
		{8BB120D9-9C3B-4EA1-AC4D-9D4E6F1EEFC3}.Debug|Any CPU.ActiveCfg = Debug|Any CPU
		{8BB120D9-9C3B-4EA1-AC4D-9D4E6F1EEFC3}.Debug|Any CPU.Build.0 = Debug|Any CPU
		{8BB120D9-9C3B-4EA1-AC4D-9D4E6F1EEFC3}.Release|Any CPU.ActiveCfg = Release|Any CPU
		{8BB120D9-9C3B-4EA1-AC4D-9D4E6F1EEFC3}.Release|Any CPU.Build.0 = Release|Any CPU
		{586F1A88-2817-4FC7-BFE2-AC7D4A3DBDC6}.Debug|Any CPU.ActiveCfg = Debug|Any CPU
		{586F1A88-2817-4FC7-BFE2-AC7D4A3DBDC6}.Debug|Any CPU.Build.0 = Debug|Any CPU
		{586F1A88-2817-4FC7-BFE2-AC7D4A3DBDC6}.Release|Any CPU.ActiveCfg = Release|Any CPU
		{586F1A88-2817-4FC7-BFE2-AC7D4A3DBDC6}.Release|Any CPU.Build.0 = Release|Any CPU
	EndGlobalSection
	GlobalSection(SolutionProperties) = preSolution
		HideSolutionNode = FALSE
	EndGlobalSection
	GlobalSection(NestedProjects) = preSolution
		{8BB120D9-9C3B-4EA1-AC4D-9D4E6F1EEFC3} = {7C0FC260-36DE-40D6-8FA3-29616D02C572}
		{586F1A88-2817-4FC7-BFE2-AC7D4A3DBDC6} = {2AF75A46-368D-4394-BE52-736D6F4CC797}
	EndGlobalSection
EndGlobal
